
Microsoft Visual Studio Solution File, Format Version 12.00
# Visual Studio Version 17
VisualStudioVersion = 17.0.31903.59
MinimumVisualStudioVersion = 10.0.40219.1
Project("{9A19103F-16F7-4668-BE54-9A1E7A4F7556}") = "Basics", "Basics\Basics.csproj", "{C393F284-B3E1-4C4E-8119-84A8C4D181A3}"
EndProject
Project("{9A19103F-16F7-4668-BE54-9A1E7A4F7556}") = "Bibliatheek", "Bibliatheek\Bibliatheek.csproj", "{2AACA2B5-6E4E-4C49-9A81-117E3D22552B}"
EndProject
Project("{9A19103F-16F7-4668-BE54-9A1E7A4F7556}") = "Flows", "Flows\Flows.csproj", "{7D1F787B-6C2B-4010-882D-95B2D2EED68D}"
EndProject
Project("{FAE04EC0-301F-11D3-BF4B-00C04F79EFBC}") = "Arrays", "Arrays\Arrays.csproj", "{1EB8CE41-08E3-48D4-BC2A-ED6D3C5EACA7}"
EndProject
Project("{FAE04EC0-301F-11D3-BF4B-00C04F79EFBC}") = "FuncProcs", "FuncProcs\FuncProcs.csproj", "{CDD77C49-08E2-4847-A5B5-A7B53A914482}"
EndProject
Project("{FAE04EC0-301F-11D3-BF4B-00C04F79EFBC}") = "EigenTypes", "EigenTypes\EigenTypes.csproj", "{54EBDC79-B4DD-400B-8EBB-FF9D88D2C105}"
EndProject
Project("{FAE04EC0-301F-11D3-BF4B-00C04F79EFBC}") = "ObjectenFabriek", "ObjectenFabriek\ObjectenFabriek.csproj", "{BECBE3EF-7FF0-45CD-A8D1-E54E67C01ABC}"
EndProject
Global
	GlobalSection(SolutionConfigurationPlatforms) = preSolution
		Debug|Any CPU = Debug|Any CPU
		Release|Any CPU = Release|Any CPU
	EndGlobalSection
	GlobalSection(ProjectConfigurationPlatforms) = postSolution
		{C393F284-B3E1-4C4E-8119-84A8C4D181A3}.Debug|Any CPU.ActiveCfg = Debug|Any CPU
		{C393F284-B3E1-4C4E-8119-84A8C4D181A3}.Debug|Any CPU.Build.0 = Debug|Any CPU
		{C393F284-B3E1-4C4E-8119-84A8C4D181A3}.Release|Any CPU.ActiveCfg = Release|Any CPU
		{C393F284-B3E1-4C4E-8119-84A8C4D181A3}.Release|Any CPU.Build.0 = Release|Any CPU
		{2AACA2B5-6E4E-4C49-9A81-117E3D22552B}.Debug|Any CPU.ActiveCfg = Debug|Any CPU
		{2AACA2B5-6E4E-4C49-9A81-117E3D22552B}.Debug|Any CPU.Build.0 = Debug|Any CPU
		{2AACA2B5-6E4E-4C49-9A81-117E3D22552B}.Release|Any CPU.ActiveCfg = Release|Any CPU
		{2AACA2B5-6E4E-4C49-9A81-117E3D22552B}.Release|Any CPU.Build.0 = Release|Any CPU
		{7D1F787B-6C2B-4010-882D-95B2D2EED68D}.Debug|Any CPU.ActiveCfg = Debug|Any CPU
		{7D1F787B-6C2B-4010-882D-95B2D2EED68D}.Debug|Any CPU.Build.0 = Debug|Any CPU
		{7D1F787B-6C2B-4010-882D-95B2D2EED68D}.Release|Any CPU.ActiveCfg = Release|Any CPU
		{7D1F787B-6C2B-4010-882D-95B2D2EED68D}.Release|Any CPU.Build.0 = Release|Any CPU
		{1EB8CE41-08E3-48D4-BC2A-ED6D3C5EACA7}.Debug|Any CPU.ActiveCfg = Debug|Any CPU
		{1EB8CE41-08E3-48D4-BC2A-ED6D3C5EACA7}.Debug|Any CPU.Build.0 = Debug|Any CPU
		{1EB8CE41-08E3-48D4-BC2A-ED6D3C5EACA7}.Release|Any CPU.ActiveCfg = Release|Any CPU
		{1EB8CE41-08E3-48D4-BC2A-ED6D3C5EACA7}.Release|Any CPU.Build.0 = Release|Any CPU
		{CDD77C49-08E2-4847-A5B5-A7B53A914482}.Debug|Any CPU.ActiveCfg = Debug|Any CPU
		{CDD77C49-08E2-4847-A5B5-A7B53A914482}.Debug|Any CPU.Build.0 = Debug|Any CPU
		{CDD77C49-08E2-4847-A5B5-A7B53A914482}.Release|Any CPU.ActiveCfg = Release|Any CPU
		{CDD77C49-08E2-4847-A5B5-A7B53A914482}.Release|Any CPU.Build.0 = Release|Any CPU
		{54EBDC79-B4DD-400B-8EBB-FF9D88D2C105}.Debug|Any CPU.ActiveCfg = Debug|Any CPU
		{54EBDC79-B4DD-400B-8EBB-FF9D88D2C105}.Debug|Any CPU.Build.0 = Debug|Any CPU
		{54EBDC79-B4DD-400B-8EBB-FF9D88D2C105}.Release|Any CPU.ActiveCfg = Release|Any CPU
		{54EBDC79-B4DD-400B-8EBB-FF9D88D2C105}.Release|Any CPU.Build.0 = Release|Any CPU
		{BECBE3EF-7FF0-45CD-A8D1-E54E67C01ABC}.Debug|Any CPU.ActiveCfg = Debug|Any CPU
		{BECBE3EF-7FF0-45CD-A8D1-E54E67C01ABC}.Debug|Any CPU.Build.0 = Debug|Any CPU
		{BECBE3EF-7FF0-45CD-A8D1-E54E67C01ABC}.Release|Any CPU.ActiveCfg = Release|Any CPU
		{BECBE3EF-7FF0-45CD-A8D1-E54E67C01ABC}.Release|Any CPU.Build.0 = Release|Any CPU
	EndGlobalSection
	GlobalSection(SolutionProperties) = preSolution
		HideSolutionNode = FALSE
	EndGlobalSection
	GlobalSection(ExtensibilityGlobals) = postSolution
		SolutionGuid = {8571F8DE-FFD7-4211-98A2-69F171EAD773}
	EndGlobalSection
EndGlobal
