
Microsoft Visual Studio Solution File, Format Version 12.00
# Visual Studio Version 17
VisualStudioVersion = 17.0.31903.59
MinimumVisualStudioVersion = 10.0.40219.1
Project("{FAE04EC0-301F-11D3-BF4B-00C04F79EFBC}") = "NogMeerInteractie", "NogMeerInteractie\NogMeerInteractie.csproj", "{F193545D-2856-4F16-BEC6-7FDD8059E2D0}"
EndProject
Project("{FAE04EC0-301F-11D3-BF4B-00C04F79EFBC}") = "Rekenen", "Rekenen\Rekenen.csproj", "{9EFE353D-6F71-4D95-9F39-D2818EBE3CCE}"
EndProject
Project("{FAE04EC0-301F-11D3-BF4B-00C04F79EFBC}") = "DeRadio", "DeRadio\DeRadio.csproj", "{B3DE0F9B-E3F7-4469-A4E7-7D8E048FB2E9}"
EndProject
Project("{FAE04EC0-301F-11D3-BF4B-00C04F79EFBC}") = "Grafies", "Grafies\Grafies.csproj", "{E2A21BCE-12D7-4814-87CE-C07E4B03AE89}"
EndProject
Project("{9A19103F-16F7-4668-BE54-9A1E7A4F7556}") = "Ellende", "Ellende\Ellende.csproj", "{E44A3EE1-23FB-4E37-9668-2446E6034D72}"
EndProject
Project("{9A19103F-16F7-4668-BE54-9A1E7A4F7556}") = "EvolutieTheorieDerDelegates", "EvolutieTheorieDerDelegates\EvolutieTheorieDerDelegates.csproj", "{273B677E-DFCB-43EE-BCC4-449DDC1A56D1}"
EndProject
Project("{9A19103F-16F7-4668-BE54-9A1E7A4F7556}") = "Punten", "Punten\Punten.csproj", "{2F0BE9BE-33FA-4A90-B3DB-F75EA75CF294}"
EndProject
Project("{9A19103F-16F7-4668-BE54-9A1E7A4F7556}") = "Zwappen", "Zwappen\Zwappen.csproj", "{DEDE2860-A71D-49A8-84B4-7AAE917474A2}"
EndProject
Project("{FAE04EC0-301F-11D3-BF4B-00C04F79EFBC}") = "Puker", "Puker\Puker.csproj", "{3A43903A-08F5-40DD-A84A-4BCF3D18A1ED}"
EndProject
Global
	GlobalSection(SolutionConfigurationPlatforms) = preSolution
		Debug|Any CPU = Debug|Any CPU
		Release|Any CPU = Release|Any CPU
	EndGlobalSection
	GlobalSection(ProjectConfigurationPlatforms) = postSolution
		{F193545D-2856-4F16-BEC6-7FDD8059E2D0}.Debug|Any CPU.ActiveCfg = Debug|Any CPU
		{F193545D-2856-4F16-BEC6-7FDD8059E2D0}.Debug|Any CPU.Build.0 = Debug|Any CPU
		{F193545D-2856-4F16-BEC6-7FDD8059E2D0}.Release|Any CPU.ActiveCfg = Release|Any CPU
		{F193545D-2856-4F16-BEC6-7FDD8059E2D0}.Release|Any CPU.Build.0 = Release|Any CPU
		{9EFE353D-6F71-4D95-9F39-D2818EBE3CCE}.Debug|Any CPU.ActiveCfg = Debug|Any CPU
		{9EFE353D-6F71-4D95-9F39-D2818EBE3CCE}.Debug|Any CPU.Build.0 = Debug|Any CPU
		{9EFE353D-6F71-4D95-9F39-D2818EBE3CCE}.Release|Any CPU.ActiveCfg = Release|Any CPU
		{9EFE353D-6F71-4D95-9F39-D2818EBE3CCE}.Release|Any CPU.Build.0 = Release|Any CPU
		{B3DE0F9B-E3F7-4469-A4E7-7D8E048FB2E9}.Debug|Any CPU.ActiveCfg = Debug|Any CPU
		{B3DE0F9B-E3F7-4469-A4E7-7D8E048FB2E9}.Debug|Any CPU.Build.0 = Debug|Any CPU
		{B3DE0F9B-E3F7-4469-A4E7-7D8E048FB2E9}.Release|Any CPU.ActiveCfg = Release|Any CPU
		{B3DE0F9B-E3F7-4469-A4E7-7D8E048FB2E9}.Release|Any CPU.Build.0 = Release|Any CPU
		{E2A21BCE-12D7-4814-87CE-C07E4B03AE89}.Debug|Any CPU.ActiveCfg = Debug|Any CPU
		{E2A21BCE-12D7-4814-87CE-C07E4B03AE89}.Debug|Any CPU.Build.0 = Debug|Any CPU
		{E2A21BCE-12D7-4814-87CE-C07E4B03AE89}.Release|Any CPU.ActiveCfg = Release|Any CPU
		{E2A21BCE-12D7-4814-87CE-C07E4B03AE89}.Release|Any CPU.Build.0 = Release|Any CPU
		{E44A3EE1-23FB-4E37-9668-2446E6034D72}.Debug|Any CPU.ActiveCfg = Debug|Any CPU
		{E44A3EE1-23FB-4E37-9668-2446E6034D72}.Debug|Any CPU.Build.0 = Debug|Any CPU
		{E44A3EE1-23FB-4E37-9668-2446E6034D72}.Release|Any CPU.ActiveCfg = Release|Any CPU
		{E44A3EE1-23FB-4E37-9668-2446E6034D72}.Release|Any CPU.Build.0 = Release|Any CPU
		{273B677E-DFCB-43EE-BCC4-449DDC1A56D1}.Debug|Any CPU.ActiveCfg = Debug|Any CPU
		{273B677E-DFCB-43EE-BCC4-449DDC1A56D1}.Debug|Any CPU.Build.0 = Debug|Any CPU
		{273B677E-DFCB-43EE-BCC4-449DDC1A56D1}.Release|Any CPU.ActiveCfg = Release|Any CPU
		{273B677E-DFCB-43EE-BCC4-449DDC1A56D1}.Release|Any CPU.Build.0 = Release|Any CPU
		{2F0BE9BE-33FA-4A90-B3DB-F75EA75CF294}.Debug|Any CPU.ActiveCfg = Debug|Any CPU
		{2F0BE9BE-33FA-4A90-B3DB-F75EA75CF294}.Debug|Any CPU.Build.0 = Debug|Any CPU
		{2F0BE9BE-33FA-4A90-B3DB-F75EA75CF294}.Release|Any CPU.ActiveCfg = Release|Any CPU
		{2F0BE9BE-33FA-4A90-B3DB-F75EA75CF294}.Release|Any CPU.Build.0 = Release|Any CPU
		{DEDE2860-A71D-49A8-84B4-7AAE917474A2}.Debug|Any CPU.ActiveCfg = Debug|Any CPU
		{DEDE2860-A71D-49A8-84B4-7AAE917474A2}.Debug|Any CPU.Build.0 = Debug|Any CPU
		{DEDE2860-A71D-49A8-84B4-7AAE917474A2}.Release|Any CPU.ActiveCfg = Release|Any CPU
		{DEDE2860-A71D-49A8-84B4-7AAE917474A2}.Release|Any CPU.Build.0 = Release|Any CPU
		{3A43903A-08F5-40DD-A84A-4BCF3D18A1ED}.Debug|Any CPU.ActiveCfg = Debug|Any CPU
		{3A43903A-08F5-40DD-A84A-4BCF3D18A1ED}.Debug|Any CPU.Build.0 = Debug|Any CPU
		{3A43903A-08F5-40DD-A84A-4BCF3D18A1ED}.Release|Any CPU.ActiveCfg = Release|Any CPU
		{3A43903A-08F5-40DD-A84A-4BCF3D18A1ED}.Release|Any CPU.Build.0 = Release|Any CPU
	EndGlobalSection
	GlobalSection(SolutionProperties) = preSolution
		HideSolutionNode = FALSE
	EndGlobalSection
	GlobalSection(ExtensibilityGlobals) = postSolution
		SolutionGuid = {693D92B3-9B6A-4ED8-81E3-60226E97A0CE}
	EndGlobalSection
EndGlobal
