
Microsoft Visual Studio Solution File, Format Version 12.00
# Visual Studio Version 17
VisualStudioVersion = 17.0.31903.59
MinimumVisualStudioVersion = 10.0.40219.1
Project("{FAE04EC0-301F-11D3-BF4B-00C04F79EFBC}") = "DeTorenVanBabel", "DeTorenVanBabel\DeTorenVanBabel.csproj", "{88D5219E-E22C-48E5-9028-2D1C49134FBE}"
EndProject
Project("{FAE04EC0-301F-11D3-BF4B-00C04F79EFBC}") = "Punten", "Punten\Punten.csproj", "{02CCD125-D494-48C6-B4BE-579EA1E03C84}"
EndProject
Project("{FAE04EC0-301F-11D3-BF4B-00C04F79EFBC}") = "MeerPennen", "MeerPennen\MeerPennen.csproj", "{6FC05BCC-6EC1-4A52-B02E-1C3145AB6E13}"
EndProject
Project("{FAE04EC0-301F-11D3-BF4B-00C04F79EFBC}") = "TheFirm", "TheFirm\TheFirm.csproj", "{79F16516-8132-43D9-A50A-E6DCD85F0D9F}"
EndProject
Global
	GlobalSection(SolutionConfigurationPlatforms) = preSolution
		Debug|Any CPU = Debug|Any CPU
		Release|Any CPU = Release|Any CPU
	EndGlobalSection
	GlobalSection(ProjectConfigurationPlatforms) = postSolution
		{88D5219E-E22C-48E5-9028-2D1C49134FBE}.Debug|Any CPU.ActiveCfg = Debug|Any CPU
		{88D5219E-E22C-48E5-9028-2D1C49134FBE}.Debug|Any CPU.Build.0 = Debug|Any CPU
		{88D5219E-E22C-48E5-9028-2D1C49134FBE}.Release|Any CPU.ActiveCfg = Release|Any CPU
		{88D5219E-E22C-48E5-9028-2D1C49134FBE}.Release|Any CPU.Build.0 = Release|Any CPU
		{02CCD125-D494-48C6-B4BE-579EA1E03C84}.Debug|Any CPU.ActiveCfg = Debug|Any CPU
		{02CCD125-D494-48C6-B4BE-579EA1E03C84}.Debug|Any CPU.Build.0 = Debug|Any CPU
		{02CCD125-D494-48C6-B4BE-579EA1E03C84}.Release|Any CPU.ActiveCfg = Release|Any CPU
		{02CCD125-D494-48C6-B4BE-579EA1E03C84}.Release|Any CPU.Build.0 = Release|Any CPU
		{6FC05BCC-6EC1-4A52-B02E-1C3145AB6E13}.Debug|Any CPU.ActiveCfg = Debug|Any CPU
		{6FC05BCC-6EC1-4A52-B02E-1C3145AB6E13}.Debug|Any CPU.Build.0 = Debug|Any CPU
		{6FC05BCC-6EC1-4A52-B02E-1C3145AB6E13}.Release|Any CPU.ActiveCfg = Release|Any CPU
		{6FC05BCC-6EC1-4A52-B02E-1C3145AB6E13}.Release|Any CPU.Build.0 = Release|Any CPU
		{79F16516-8132-43D9-A50A-E6DCD85F0D9F}.Debug|Any CPU.ActiveCfg = Debug|Any CPU
		{79F16516-8132-43D9-A50A-E6DCD85F0D9F}.Debug|Any CPU.Build.0 = Debug|Any CPU
		{79F16516-8132-43D9-A50A-E6DCD85F0D9F}.Release|Any CPU.ActiveCfg = Release|Any CPU
		{79F16516-8132-43D9-A50A-E6DCD85F0D9F}.Release|Any CPU.Build.0 = Release|Any CPU
	EndGlobalSection
	GlobalSection(SolutionProperties) = preSolution
		HideSolutionNode = FALSE
	EndGlobalSection
	GlobalSection(ExtensibilityGlobals) = postSolution
		SolutionGuid = {2504F701-2974-48AB-BC7E-77ED40CCD1DD}
	EndGlobalSection
EndGlobal
